// !$*UTF8*$!
{
	archiveVersion = 1;
	classes = {
	};
	objectVersion = 52;
	objects = {

/* Begin PBXBuildFile section */
		6665C0E828D6C9960094A652 /* DSWaveformImageViews in Frameworks */ = {isa = PBXBuildFile; productRef = 6665C0E728D6C9960094A652 /* DSWaveformImageViews */; };
		6665C0EE28D6C9A70094A652 /* DSWaveformImageViews in Frameworks */ = {isa = PBXBuildFile; productRef = 6665C0ED28D6C9A70094A652 /* DSWaveformImageViews */; };
		C322CC561E4A475800B52247 /* example_sound_2.m4a in Resources */ = {isa = PBXBuildFile; fileRef = C322CC551E4A475800B52247 /* example_sound_2.m4a */; };
		C336FD2B28CE082E0075A75F /* RecordingIndicatorView.swift in Sources */ = {isa = PBXBuildFile; fileRef = C336FD2A28CE082E0075A75F /* RecordingIndicatorView.swift */; };
		C336FD3C28CEFA200075A75F /* DSWaveformImageExample_macOSApp.swift in Sources */ = {isa = PBXBuildFile; fileRef = C336FD3B28CEFA200075A75F /* DSWaveformImageExample_macOSApp.swift */; };
		C336FD3E28CEFA200075A75F /* ContentView.swift in Sources */ = {isa = PBXBuildFile; fileRef = C336FD3D28CEFA200075A75F /* ContentView.swift */; };
		C336FD4028CEFA210075A75F /* Assets.xcassets in Resources */ = {isa = PBXBuildFile; fileRef = C336FD3F28CEFA210075A75F /* Assets.xcassets */; };
		C336FD4328CEFA210075A75F /* Preview Assets.xcassets in Resources */ = {isa = PBXBuildFile; fileRef = C336FD4228CEFA210075A75F /* Preview Assets.xcassets */; };
		C365502F1E4927A300D24131 /* AppDelegate.swift in Sources */ = {isa = PBXBuildFile; fileRef = C365502E1E4927A300D24131 /* AppDelegate.swift */; };
		C36550311E4927A300D24131 /* ViewController.swift in Sources */ = {isa = PBXBuildFile; fileRef = C36550301E4927A300D24131 /* ViewController.swift */; };
		C36550341E4927A300D24131 /* Main.storyboard in Resources */ = {isa = PBXBuildFile; fileRef = C36550321E4927A300D24131 /* Main.storyboard */; };
		C36550361E4927A300D24131 /* Assets.xcassets in Resources */ = {isa = PBXBuildFile; fileRef = C36550351E4927A300D24131 /* Assets.xcassets */; };
		C36550391E4927A300D24131 /* LaunchScreen.storyboard in Resources */ = {isa = PBXBuildFile; fileRef = C36550371E4927A300D24131 /* LaunchScreen.storyboard */; };
		C36550491E49298100D24131 /* example_sound.m4a in Resources */ = {isa = PBXBuildFile; fileRef = C36550481E49298100D24131 /* example_sound.m4a */; };
		C37883BE27484A5A0041816B /* SwiftUIExample.swift in Sources */ = {isa = PBXBuildFile; fileRef = C37883BD27484A5A0041816B /* SwiftUIExample.swift */; };
		C37883C127484ACE0041816B /* SwiftUIExampleView.swift in Sources */ = {isa = PBXBuildFile; fileRef = C37883C027484ACE0041816B /* SwiftUIExampleView.swift */; };
		C37C6E5C25D329DC00B96481 /* example_sound.wav in Resources */ = {isa = PBXBuildFile; fileRef = C37C6E5B25D329DC00B96481 /* example_sound.wav */; };
		C3C1DFEA28CFDB8300737B80 /* example_sound.wav in Resources */ = {isa = PBXBuildFile; fileRef = C37C6E5B25D329DC00B96481 /* example_sound.wav */; };
		C3C8221426A96FFA0026591C /* RecordingViewController.swift in Sources */ = {isa = PBXBuildFile; fileRef = C3C8221326A96FFA0026591C /* RecordingViewController.swift */; };
		C3C8221926A9DF610026591C /* SCAudioManager.m in Sources */ = {isa = PBXBuildFile; fileRef = C3C8221826A9DF610026591C /* SCAudioManager.m */; };
/* End PBXBuildFile section */

/* Begin PBXCopyFilesBuildPhase section */
		427707DB2242400B0001C80B /* CopyFiles */ = {
			isa = PBXCopyFilesBuildPhase;
			buildActionMask = 2147483647;
			dstPath = "";
			dstSubfolderSpec = 10;
			files = (
			);
			runOnlyForDeploymentPostprocessing = 0;
		};
		C336FD4928CEFB3C0075A75F /* CopyFiles */ = {
			isa = PBXCopyFilesBuildPhase;
			buildActionMask = 2147483647;
			dstPath = "";
			dstSubfolderSpec = 10;
			files = (
			);
			runOnlyForDeploymentPostprocessing = 0;
		};
/* End PBXCopyFilesBuildPhase section */

/* Begin PBXFileReference section */
		6665C0E428D6C9870094A652 /* DSWaveformImage */ = {isa = PBXFileReference; lastKnownFileType = wrapper; name = DSWaveformImage; sourceTree = "<group>"; };
		C322CC551E4A475800B52247 /* example_sound_2.m4a */ = {isa = PBXFileReference; lastKnownFileType = file; path = example_sound_2.m4a; sourceTree = "<group>"; };
		C336FD2A28CE082E0075A75F /* RecordingIndicatorView.swift */ = {isa = PBXFileReference; lastKnownFileType = sourcecode.swift; path = RecordingIndicatorView.swift; sourceTree = "<group>"; };
		C336FD3928CEFA200075A75F /* DSWaveformImageExample-macOS.app */ = {isa = PBXFileReference; explicitFileType = wrapper.application; includeInIndex = 0; path = "DSWaveformImageExample-macOS.app"; sourceTree = BUILT_PRODUCTS_DIR; };
		C336FD3B28CEFA200075A75F /* DSWaveformImageExample_macOSApp.swift */ = {isa = PBXFileReference; lastKnownFileType = sourcecode.swift; path = DSWaveformImageExample_macOSApp.swift; sourceTree = "<group>"; };
		C336FD3D28CEFA200075A75F /* ContentView.swift */ = {isa = PBXFileReference; lastKnownFileType = sourcecode.swift; path = ContentView.swift; sourceTree = "<group>"; };
		C336FD3F28CEFA210075A75F /* Assets.xcassets */ = {isa = PBXFileReference; lastKnownFileType = folder.assetcatalog; path = Assets.xcassets; sourceTree = "<group>"; };
		C336FD4228CEFA210075A75F /* Preview Assets.xcassets */ = {isa = PBXFileReference; lastKnownFileType = folder.assetcatalog; path = "Preview Assets.xcassets"; sourceTree = "<group>"; };
		C365502C1E4927A300D24131 /* DSWaveformImageExample.app */ = {isa = PBXFileReference; explicitFileType = wrapper.application; includeInIndex = 0; path = DSWaveformImageExample.app; sourceTree = BUILT_PRODUCTS_DIR; };
		C365502E1E4927A300D24131 /* AppDelegate.swift */ = {isa = PBXFileReference; lastKnownFileType = sourcecode.swift; path = AppDelegate.swift; sourceTree = "<group>"; };
		C36550301E4927A300D24131 /* ViewController.swift */ = {isa = PBXFileReference; lastKnownFileType = sourcecode.swift; path = ViewController.swift; sourceTree = "<group>"; };
		C36550331E4927A300D24131 /* Base */ = {isa = PBXFileReference; lastKnownFileType = file.storyboard; name = Base; path = Base.lproj/Main.storyboard; sourceTree = "<group>"; };
		C36550351E4927A300D24131 /* Assets.xcassets */ = {isa = PBXFileReference; lastKnownFileType = folder.assetcatalog; path = Assets.xcassets; sourceTree = "<group>"; };
		C36550381E4927A300D24131 /* Base */ = {isa = PBXFileReference; lastKnownFileType = file.storyboard; name = Base; path = Base.lproj/LaunchScreen.storyboard; sourceTree = "<group>"; };
		C365503A1E4927A300D24131 /* Info.plist */ = {isa = PBXFileReference; lastKnownFileType = text.plist.xml; path = Info.plist; sourceTree = "<group>"; };
		C36550481E49298100D24131 /* example_sound.m4a */ = {isa = PBXFileReference; lastKnownFileType = file; path = example_sound.m4a; sourceTree = "<group>"; };
		C37883BD27484A5A0041816B /* SwiftUIExample.swift */ = {isa = PBXFileReference; lastKnownFileType = sourcecode.swift; path = SwiftUIExample.swift; sourceTree = "<group>"; };
		C37883C027484ACE0041816B /* SwiftUIExampleView.swift */ = {isa = PBXFileReference; lastKnownFileType = sourcecode.swift; path = SwiftUIExampleView.swift; sourceTree = "<group>"; };
		C37C6E5B25D329DC00B96481 /* example_sound.wav */ = {isa = PBXFileReference; lastKnownFileType = audio.wav; path = example_sound.wav; sourceTree = "<group>"; };
		C388242628CEFBC0008AB717 /* DSWaveformImage copy-Info.plist */ = {isa = PBXFileReference; lastKnownFileType = text.plist.xml; name = "DSWaveformImage copy-Info.plist"; path = "/Users/dmrschmidt/workspace/swift/DSWaveformImage/DSWaveformImage copy-Info.plist"; sourceTree = "<absolute>"; };
		C3A436B327D05FFB00A7E844 /* DSWaveformImageExample.entitlements */ = {isa = PBXFileReference; lastKnownFileType = text.plist.entitlements; path = DSWaveformImageExample.entitlements; sourceTree = "<group>"; };
		C3C8221326A96FFA0026591C /* RecordingViewController.swift */ = {isa = PBXFileReference; lastKnownFileType = sourcecode.swift; path = RecordingViewController.swift; sourceTree = "<group>"; };
		C3C8221726A9DF610026591C /* DSWaveformImageExample-Bridging-Header.h */ = {isa = PBXFileReference; lastKnownFileType = sourcecode.c.h; path = "DSWaveformImageExample-Bridging-Header.h"; sourceTree = "<group>"; };
		C3C8221826A9DF610026591C /* SCAudioManager.m */ = {isa = PBXFileReference; lastKnownFileType = sourcecode.c.objc; path = SCAudioManager.m; sourceTree = "<group>"; };
		C3C8221A26A9DF7E0026591C /* SCAudioManager.h */ = {isa = PBXFileReference; lastKnownFileType = sourcecode.c.h; path = SCAudioManager.h; sourceTree = "<group>"; };
/* End PBXFileReference section */

/* Begin PBXFrameworksBuildPhase section */
		C336FD3628CEFA200075A75F /* Frameworks */ = {
			isa = PBXFrameworksBuildPhase;
			buildActionMask = 2147483647;
			files = (
				6665C0EE28D6C9A70094A652 /* DSWaveformImageViews in Frameworks */,
			);
			runOnlyForDeploymentPostprocessing = 0;
		};
		C36550291E4927A300D24131 /* Frameworks */ = {
			isa = PBXFrameworksBuildPhase;
			buildActionMask = 2147483647;
			files = (
				6665C0E828D6C9960094A652 /* DSWaveformImageViews in Frameworks */,
			);
			runOnlyForDeploymentPostprocessing = 0;
		};
/* End PBXFrameworksBuildPhase section */

/* Begin PBXGroup section */
		6665C0E328D6C9870094A652 /* Packages */ = {
			isa = PBXGroup;
			children = (
				6665C0E428D6C9870094A652 /* DSWaveformImage */,
			);
			name = Packages;
			sourceTree = "<group>";
		};
		C336FD3A28CEFA200075A75F /* DSWaveformImageExample-macOS */ = {
			isa = PBXGroup;
			children = (
				C336FD3B28CEFA200075A75F /* DSWaveformImageExample_macOSApp.swift */,
				C336FD3D28CEFA200075A75F /* ContentView.swift */,
				C336FD3F28CEFA210075A75F /* Assets.xcassets */,
				C336FD4128CEFA210075A75F /* Preview Content */,
			);
			path = "DSWaveformImageExample-macOS";
			sourceTree = "<group>";
		};
		C336FD4128CEFA210075A75F /* Preview Content */ = {
			isa = PBXGroup;
			children = (
				C336FD4228CEFA210075A75F /* Preview Assets.xcassets */,
			);
			path = "Preview Content";
			sourceTree = "<group>";
		};
		C336FD4728CEFB250075A75F /* Frameworks */ = {
			isa = PBXGroup;
			children = (
			);
			name = Frameworks;
			sourceTree = "<group>";
		};
		C36550041E49278600D24131 = {
			isa = PBXGroup;
			children = (
				6665C0E328D6C9870094A652 /* Packages */,
				C365502D1E4927A300D24131 /* DSWaveformImageExample */,
				C336FD3A28CEFA200075A75F /* DSWaveformImageExample-macOS */,
				C365500F1E49278600D24131 /* Products */,
				C336FD4728CEFB250075A75F /* Frameworks */,
				C388242628CEFBC0008AB717 /* DSWaveformImage copy-Info.plist */,
			);
			sourceTree = "<group>";
		};
		C365500F1E49278600D24131 /* Products */ = {
			isa = PBXGroup;
			children = (
				C365502C1E4927A300D24131 /* DSWaveformImageExample.app */,
				C336FD3928CEFA200075A75F /* DSWaveformImageExample-macOS.app */,
			);
			name = Products;
			sourceTree = "<group>";
		};
		C365502D1E4927A300D24131 /* DSWaveformImageExample */ = {
			isa = PBXGroup;
			children = (
				C3A436B327D05FFB00A7E844 /* DSWaveformImageExample.entitlements */,
				C37883BF27484AAC0041816B /* SwiftUIExample */,
				C365502E1E4927A300D24131 /* AppDelegate.swift */,
				C36550351E4927A300D24131 /* Assets.xcassets */,
				C322CC551E4A475800B52247 /* example_sound_2.m4a */,
				C36550481E49298100D24131 /* example_sound.m4a */,
				C37C6E5B25D329DC00B96481 /* example_sound.wav */,
				C365503A1E4927A300D24131 /* Info.plist */,
				C36550371E4927A300D24131 /* LaunchScreen.storyboard */,
				C36550321E4927A300D24131 /* Main.storyboard */,
				C3C8221326A96FFA0026591C /* RecordingViewController.swift */,
				C36550301E4927A300D24131 /* ViewController.swift */,
				C3C8221826A9DF610026591C /* SCAudioManager.m */,
				C3C8221A26A9DF7E0026591C /* SCAudioManager.h */,
				C3C8221726A9DF610026591C /* DSWaveformImageExample-Bridging-Header.h */,
			);
			path = DSWaveformImageExample;
			sourceTree = "<group>";
		};
		C37883BF27484AAC0041816B /* SwiftUIExample */ = {
			isa = PBXGroup;
			children = (
				C37883BD27484A5A0041816B /* SwiftUIExample.swift */,
				C37883C027484ACE0041816B /* SwiftUIExampleView.swift */,
				C336FD2A28CE082E0075A75F /* RecordingIndicatorView.swift */,
			);
			path = SwiftUIExample;
			sourceTree = "<group>";
		};
/* End PBXGroup section */

/* Begin PBXNativeTarget section */
		C336FD3828CEFA200075A75F /* DSWaveformImageExample-macOS */ = {
			isa = PBXNativeTarget;
			buildConfigurationList = C336FD4628CEFA210075A75F /* Build configuration list for PBXNativeTarget "DSWaveformImageExample-macOS" */;
			buildPhases = (
				C336FD3528CEFA200075A75F /* Sources */,
				C336FD3628CEFA200075A75F /* Frameworks */,
				C336FD3728CEFA200075A75F /* Resources */,
				C336FD4928CEFB3C0075A75F /* CopyFiles */,
			);
			buildRules = (
			);
			dependencies = (
				6665C0EC28D6C9A00094A652 /* PBXTargetDependency */,
			);
			name = "DSWaveformImageExample-macOS";
			packageProductDependencies = (
				6665C0ED28D6C9A70094A652 /* DSWaveformImageViews */,
			);
			productName = "DSWaveformImageExample-macOS";
			productReference = C336FD3928CEFA200075A75F /* DSWaveformImageExample-macOS.app */;
			productType = "com.apple.product-type.application";
		};
		C365502B1E4927A300D24131 /* DSWaveformImageExample */ = {
			isa = PBXNativeTarget;
			buildConfigurationList = C365503B1E4927A300D24131 /* Build configuration list for PBXNativeTarget "DSWaveformImageExample" */;
			buildPhases = (
				C36550281E4927A300D24131 /* Sources */,
				C36550291E4927A300D24131 /* Frameworks */,
				C365502A1E4927A300D24131 /* Resources */,
				427707DB2242400B0001C80B /* CopyFiles */,
			);
			buildRules = (
			);
			dependencies = (
				6665C0E628D6C9900094A652 /* PBXTargetDependency */,
			);
			name = DSWaveformImageExample;
			packageProductDependencies = (
				6665C0E728D6C9960094A652 /* DSWaveformImageViews */,
			);
			productName = DSWaveformImageExample;
			productReference = C365502C1E4927A300D24131 /* DSWaveformImageExample.app */;
			productType = "com.apple.product-type.application";
		};
/* End PBXNativeTarget section */

/* Begin PBXProject section */
		C36550051E49278600D24131 /* Project object */ = {
			isa = PBXProject;
			attributes = {
				LastSwiftUpdateCheck = 1400;
				LastUpgradeCheck = 1250;
				ORGANIZATIONNAME = "Dennis Schmidt";
				TargetAttributes = {
					C336FD3828CEFA200075A75F = {
						CreatedOnToolsVersion = 14.0;
						ProvisioningStyle = Automatic;
					};
					C365502B1E4927A300D24131 = {
						CreatedOnToolsVersion = 8.2.1;
						LastSwiftMigration = 1250;
						ProvisioningStyle = Automatic;
					};
				};
			};
			buildConfigurationList = C36550081E49278600D24131 /* Build configuration list for PBXProject "DSWaveformImage" */;
			compatibilityVersion = "Xcode 3.2";
			developmentRegion = en;
			hasScannedForEncodings = 0;
			knownRegions = (
				en,
				Base,
			);
			mainGroup = C36550041E49278600D24131;
			productRefGroup = C365500F1E49278600D24131 /* Products */;
			projectDirPath = "";
			projectRoot = "";
			targets = (
				C365502B1E4927A300D24131 /* DSWaveformImageExample */,
				C336FD3828CEFA200075A75F /* DSWaveformImageExample-macOS */,
			);
		};
/* End PBXProject section */

/* Begin PBXResourcesBuildPhase section */
		C336FD3728CEFA200075A75F /* Resources */ = {
			isa = PBXResourcesBuildPhase;
			buildActionMask = 2147483647;
			files = (
				C3C1DFEA28CFDB8300737B80 /* example_sound.wav in Resources */,
				C336FD4328CEFA210075A75F /* Preview Assets.xcassets in Resources */,
				C336FD4028CEFA210075A75F /* Assets.xcassets in Resources */,
			);
			runOnlyForDeploymentPostprocessing = 0;
		};
		C365502A1E4927A300D24131 /* Resources */ = {
			isa = PBXResourcesBuildPhase;
			buildActionMask = 2147483647;
			files = (
				C322CC561E4A475800B52247 /* example_sound_2.m4a in Resources */,
				C36550391E4927A300D24131 /* LaunchScreen.storyboard in Resources */,
				C36550491E49298100D24131 /* example_sound.m4a in Resources */,
				C37C6E5C25D329DC00B96481 /* example_sound.wav in Resources */,
				C36550361E4927A300D24131 /* Assets.xcassets in Resources */,
				C36550341E4927A300D24131 /* Main.storyboard in Resources */,
			);
			runOnlyForDeploymentPostprocessing = 0;
		};
/* End PBXResourcesBuildPhase section */

/* Begin PBXSourcesBuildPhase section */
		C336FD3528CEFA200075A75F /* Sources */ = {
			isa = PBXSourcesBuildPhase;
			buildActionMask = 2147483647;
			files = (
				C336FD3E28CEFA200075A75F /* ContentView.swift in Sources */,
				C336FD3C28CEFA200075A75F /* DSWaveformImageExample_macOSApp.swift in Sources */,
			);
			runOnlyForDeploymentPostprocessing = 0;
		};
		C36550281E4927A300D24131 /* Sources */ = {
			isa = PBXSourcesBuildPhase;
			buildActionMask = 2147483647;
			files = (
				C36550311E4927A300D24131 /* ViewController.swift in Sources */,
				C3C8221426A96FFA0026591C /* RecordingViewController.swift in Sources */,
				C3C8221926A9DF610026591C /* SCAudioManager.m in Sources */,
				C336FD2B28CE082E0075A75F /* RecordingIndicatorView.swift in Sources */,
				C37883BE27484A5A0041816B /* SwiftUIExample.swift in Sources */,
				C37883C127484ACE0041816B /* SwiftUIExampleView.swift in Sources */,
				C365502F1E4927A300D24131 /* AppDelegate.swift in Sources */,
			);
			runOnlyForDeploymentPostprocessing = 0;
		};
/* End PBXSourcesBuildPhase section */

/* Begin PBXTargetDependency section */
		6665C0E628D6C9900094A652 /* PBXTargetDependency */ = {
			isa = PBXTargetDependency;
			productRef = 6665C0E528D6C9900094A652 /* DSWaveformImageViews */;
		};
		6665C0EC28D6C9A00094A652 /* PBXTargetDependency */ = {
			isa = PBXTargetDependency;
			productRef = 6665C0EB28D6C9A00094A652 /* DSWaveformImageViews */;
		};
/* End PBXTargetDependency section */

/* Begin PBXVariantGroup section */
		C36550321E4927A300D24131 /* Main.storyboard */ = {
			isa = PBXVariantGroup;
			children = (
				C36550331E4927A300D24131 /* Base */,
			);
			name = Main.storyboard;
			sourceTree = "<group>";
		};
		C36550371E4927A300D24131 /* LaunchScreen.storyboard */ = {
			isa = PBXVariantGroup;
			children = (
				C36550381E4927A300D24131 /* Base */,
			);
			name = LaunchScreen.storyboard;
			sourceTree = "<group>";
		};
/* End PBXVariantGroup section */

/* Begin XCBuildConfiguration section */
		C336FD4428CEFA210075A75F /* Debug */ = {
			isa = XCBuildConfiguration;
			buildSettings = {
				ASSETCATALOG_COMPILER_APPICON_NAME = AppIcon;
				ASSETCATALOG_COMPILER_GLOBAL_ACCENT_COLOR_NAME = AccentColor;
				CLANG_ANALYZER_NUMBER_OBJECT_CONVERSION = YES_AGGRESSIVE;
				CLANG_CXX_LANGUAGE_STANDARD = "gnu++20";
				CLANG_ENABLE_OBJC_WEAK = YES;
				CLANG_WARN_UNGUARDED_AVAILABILITY = YES_AGGRESSIVE;
				CODE_SIGN_STYLE = Automatic;
				CURRENT_PROJECT_VERSION = 1;
				DEVELOPMENT_ASSET_PATHS = "\"DSWaveformImageExample-macOS/Preview Content\"";
				DEVELOPMENT_TEAM = "";
				ENABLE_PREVIEWS = YES;
				GCC_C_LANGUAGE_STANDARD = gnu11;
				GENERATE_INFOPLIST_FILE = YES;
				INFOPLIST_KEY_UIApplicationSceneManifest_Generation = YES;
				INFOPLIST_KEY_UIApplicationSupportsIndirectInputEvents = YES;
				INFOPLIST_KEY_UILaunchScreen_Generation = YES;
				INFOPLIST_KEY_UISupportedInterfaceOrientations_iPad = "UIInterfaceOrientationPortrait UIInterfaceOrientationPortraitUpsideDown UIInterfaceOrientationLandscapeLeft UIInterfaceOrientationLandscapeRight";
				INFOPLIST_KEY_UISupportedInterfaceOrientations_iPhone = "UIInterfaceOrientationPortrait UIInterfaceOrientationLandscapeLeft UIInterfaceOrientationLandscapeRight";
				IPHONEOS_DEPLOYMENT_TARGET = 16.0;
				LD_RUNPATH_SEARCH_PATHS = (
					"$(inherited)",
					"@executable_path/Frameworks",
				);
				MACOSX_DEPLOYMENT_TARGET = 11.0;
				MARKETING_VERSION = 1.0;
				MTL_ENABLE_DEBUG_INFO = INCLUDE_SOURCE;
				MTL_FAST_MATH = YES;
				PRODUCT_BUNDLE_IDENTIFIER = "de.dmrschmidt.DSWaveformImageExample-macOS";
				PRODUCT_NAME = "$(TARGET_NAME)";
				SUPPORTED_PLATFORMS = macosx;
				SUPPORTS_MACCATALYST = NO;
				SUPPORTS_MAC_DESIGNED_FOR_IPHONE_IPAD = NO;
				SWIFT_EMIT_LOC_STRINGS = YES;
				SWIFT_VERSION = 5.0;
			};
			name = Debug;
		};
		C336FD4528CEFA210075A75F /* Release */ = {
			isa = XCBuildConfiguration;
			buildSettings = {
				ASSETCATALOG_COMPILER_APPICON_NAME = AppIcon;
				ASSETCATALOG_COMPILER_GLOBAL_ACCENT_COLOR_NAME = AccentColor;
				CLANG_ANALYZER_NUMBER_OBJECT_CONVERSION = YES_AGGRESSIVE;
				CLANG_CXX_LANGUAGE_STANDARD = "gnu++20";
				CLANG_ENABLE_OBJC_WEAK = YES;
				CLANG_WARN_UNGUARDED_AVAILABILITY = YES_AGGRESSIVE;
				CODE_SIGN_STYLE = Automatic;
				CURRENT_PROJECT_VERSION = 1;
				DEVELOPMENT_ASSET_PATHS = "\"DSWaveformImageExample-macOS/Preview Content\"";
				DEVELOPMENT_TEAM = "";
				ENABLE_PREVIEWS = YES;
				GCC_C_LANGUAGE_STANDARD = gnu11;
				GENERATE_INFOPLIST_FILE = YES;
				INFOPLIST_KEY_UIApplicationSceneManifest_Generation = YES;
				INFOPLIST_KEY_UIApplicationSupportsIndirectInputEvents = YES;
				INFOPLIST_KEY_UILaunchScreen_Generation = YES;
				INFOPLIST_KEY_UISupportedInterfaceOrientations_iPad = "UIInterfaceOrientationPortrait UIInterfaceOrientationPortraitUpsideDown UIInterfaceOrientationLandscapeLeft UIInterfaceOrientationLandscapeRight";
				INFOPLIST_KEY_UISupportedInterfaceOrientations_iPhone = "UIInterfaceOrientationPortrait UIInterfaceOrientationLandscapeLeft UIInterfaceOrientationLandscapeRight";
				IPHONEOS_DEPLOYMENT_TARGET = 16.0;
				LD_RUNPATH_SEARCH_PATHS = (
					"$(inherited)",
					"@executable_path/Frameworks",
				);
				MACOSX_DEPLOYMENT_TARGET = 11.0;
				MARKETING_VERSION = 1.0;
				MTL_FAST_MATH = YES;
				PRODUCT_BUNDLE_IDENTIFIER = "de.dmrschmidt.DSWaveformImageExample-macOS";
				PRODUCT_NAME = "$(TARGET_NAME)";
				SUPPORTED_PLATFORMS = macosx;
				SUPPORTS_MACCATALYST = NO;
				SUPPORTS_MAC_DESIGNED_FOR_IPHONE_IPAD = NO;
				SWIFT_EMIT_LOC_STRINGS = YES;
				SWIFT_VERSION = 5.0;
			};
			name = Release;
		};
		C36550201E49278700D24131 /* Debug */ = {
			isa = XCBuildConfiguration;
			buildSettings = {
				ALWAYS_SEARCH_USER_PATHS = NO;
				CLANG_ANALYZER_LOCALIZABILITY_NONLOCALIZED = YES;
				CLANG_ANALYZER_NONNULL = YES;
				CLANG_CXX_LANGUAGE_STANDARD = "gnu++0x";
				CLANG_CXX_LIBRARY = "libc++";
				CLANG_ENABLE_MODULES = YES;
				CLANG_ENABLE_OBJC_ARC = YES;
				CLANG_WARN_BLOCK_CAPTURE_AUTORELEASING = YES;
				CLANG_WARN_BOOL_CONVERSION = YES;
				CLANG_WARN_COMMA = YES;
				CLANG_WARN_CONSTANT_CONVERSION = YES;
				CLANG_WARN_DEPRECATED_OBJC_IMPLEMENTATIONS = YES;
				CLANG_WARN_DIRECT_OBJC_ISA_USAGE = YES_ERROR;
				CLANG_WARN_DOCUMENTATION_COMMENTS = YES;
				CLANG_WARN_EMPTY_BODY = YES;
				CLANG_WARN_ENUM_CONVERSION = YES;
				CLANG_WARN_INFINITE_RECURSION = YES;
				CLANG_WARN_INT_CONVERSION = YES;
				CLANG_WARN_NON_LITERAL_NULL_CONVERSION = YES;
				CLANG_WARN_OBJC_IMPLICIT_RETAIN_SELF = YES;
				CLANG_WARN_OBJC_LITERAL_CONVERSION = YES;
				CLANG_WARN_OBJC_ROOT_CLASS = YES_ERROR;
				CLANG_WARN_QUOTED_INCLUDE_IN_FRAMEWORK_HEADER = YES;
				CLANG_WARN_RANGE_LOOP_ANALYSIS = YES;
				CLANG_WARN_STRICT_PROTOTYPES = YES;
				CLANG_WARN_SUSPICIOUS_MOVE = YES;
				CLANG_WARN_UNREACHABLE_CODE = YES;
				CLANG_WARN__DUPLICATE_METHOD_MATCH = YES;
				"CODE_SIGN_IDENTITY[sdk=iphoneos*]" = "iPhone Developer";
				COPY_PHASE_STRIP = NO;
				CURRENT_PROJECT_VERSION = 1;
				DEBUG_INFORMATION_FORMAT = dwarf;
				ENABLE_STRICT_OBJC_MSGSEND = YES;
				ENABLE_TESTABILITY = YES;
				GCC_C_LANGUAGE_STANDARD = gnu99;
				GCC_DYNAMIC_NO_PIC = NO;
				GCC_NO_COMMON_BLOCKS = YES;
				GCC_OPTIMIZATION_LEVEL = 0;
				GCC_PREPROCESSOR_DEFINITIONS = (
					"DEBUG=1",
					"$(inherited)",
				);
				GCC_WARN_64_TO_32_BIT_CONVERSION = YES;
				GCC_WARN_ABOUT_RETURN_TYPE = YES_ERROR;
				GCC_WARN_UNDECLARED_SELECTOR = YES;
				GCC_WARN_UNINITIALIZED_AUTOS = YES_AGGRESSIVE;
				GCC_WARN_UNUSED_FUNCTION = YES;
				GCC_WARN_UNUSED_VARIABLE = YES;
				IPHONEOS_DEPLOYMENT_TARGET = 12.0;
				MTL_ENABLE_DEBUG_INFO = YES;
				ONLY_ACTIVE_ARCH = YES;
				SDKROOT = iphoneos;
				SWIFT_ACTIVE_COMPILATION_CONDITIONS = DEBUG;
				SWIFT_OPTIMIZATION_LEVEL = "-Onone";
				TARGETED_DEVICE_FAMILY = "1,2";
				VERSIONING_SYSTEM = "apple-generic";
				VERSION_INFO_PREFIX = "";
			};
			name = Debug;
		};
		C36550211E49278700D24131 /* Release */ = {
			isa = XCBuildConfiguration;
			buildSettings = {
				ALWAYS_SEARCH_USER_PATHS = NO;
				CLANG_ANALYZER_LOCALIZABILITY_NONLOCALIZED = YES;
				CLANG_ANALYZER_NONNULL = YES;
				CLANG_CXX_LANGUAGE_STANDARD = "gnu++0x";
				CLANG_CXX_LIBRARY = "libc++";
				CLANG_ENABLE_MODULES = YES;
				CLANG_ENABLE_OBJC_ARC = YES;
				CLANG_WARN_BLOCK_CAPTURE_AUTORELEASING = YES;
				CLANG_WARN_BOOL_CONVERSION = YES;
				CLANG_WARN_COMMA = YES;
				CLANG_WARN_CONSTANT_CONVERSION = YES;
				CLANG_WARN_DEPRECATED_OBJC_IMPLEMENTATIONS = YES;
				CLANG_WARN_DIRECT_OBJC_ISA_USAGE = YES_ERROR;
				CLANG_WARN_DOCUMENTATION_COMMENTS = YES;
				CLANG_WARN_EMPTY_BODY = YES;
				CLANG_WARN_ENUM_CONVERSION = YES;
				CLANG_WARN_INFINITE_RECURSION = YES;
				CLANG_WARN_INT_CONVERSION = YES;
				CLANG_WARN_NON_LITERAL_NULL_CONVERSION = YES;
				CLANG_WARN_OBJC_IMPLICIT_RETAIN_SELF = YES;
				CLANG_WARN_OBJC_LITERAL_CONVERSION = YES;
				CLANG_WARN_OBJC_ROOT_CLASS = YES_ERROR;
				CLANG_WARN_QUOTED_INCLUDE_IN_FRAMEWORK_HEADER = YES;
				CLANG_WARN_RANGE_LOOP_ANALYSIS = YES;
				CLANG_WARN_STRICT_PROTOTYPES = YES;
				CLANG_WARN_SUSPICIOUS_MOVE = YES;
				CLANG_WARN_UNREACHABLE_CODE = YES;
				CLANG_WARN__DUPLICATE_METHOD_MATCH = YES;
				"CODE_SIGN_IDENTITY[sdk=iphoneos*]" = "iPhone Developer";
				COPY_PHASE_STRIP = NO;
				CURRENT_PROJECT_VERSION = 1;
				DEBUG_INFORMATION_FORMAT = "dwarf-with-dsym";
				ENABLE_NS_ASSERTIONS = NO;
				ENABLE_STRICT_OBJC_MSGSEND = YES;
				GCC_C_LANGUAGE_STANDARD = gnu99;
				GCC_NO_COMMON_BLOCKS = YES;
				GCC_WARN_64_TO_32_BIT_CONVERSION = YES;
				GCC_WARN_ABOUT_RETURN_TYPE = YES_ERROR;
				GCC_WARN_UNDECLARED_SELECTOR = YES;
				GCC_WARN_UNINITIALIZED_AUTOS = YES_AGGRESSIVE;
				GCC_WARN_UNUSED_FUNCTION = YES;
				GCC_WARN_UNUSED_VARIABLE = YES;
				IPHONEOS_DEPLOYMENT_TARGET = 12.0;
				MTL_ENABLE_DEBUG_INFO = NO;
				SDKROOT = iphoneos;
				SWIFT_COMPILATION_MODE = wholemodule;
				SWIFT_OPTIMIZATION_LEVEL = "-O";
				TARGETED_DEVICE_FAMILY = "1,2";
				VALIDATE_PRODUCT = YES;
				VERSIONING_SYSTEM = "apple-generic";
				VERSION_INFO_PREFIX = "";
			};
			name = Release;
		};
		C365503C1E4927A300D24131 /* Debug */ = {
			isa = XCBuildConfiguration;
			buildSettings = {
				ASSETCATALOG_COMPILER_APPICON_NAME = AppIcon;
				CLANG_ENABLE_MODULES = YES;
				CODE_SIGN_ENTITLEMENTS = DSWaveformImageExample/DSWaveformImageExample.entitlements;
				CURRENT_PROJECT_VERSION = 7;
				DEVELOPMENT_TEAM = "";
				INFOPLIST_FILE = DSWaveformImageExample/Info.plist;
				IPHONEOS_DEPLOYMENT_TARGET = 14.0;
				LD_RUNPATH_SEARCH_PATHS = (
					"$(inherited)",
					"@executable_path/Frameworks",
				);
				MARKETING_VERSION = 9.0.2;
				PRODUCT_BUNDLE_IDENTIFIER = de.dmrschmidt.DSWaveformImageExample;
				PRODUCT_NAME = "$(TARGET_NAME)";
				SUPPORTED_PLATFORMS = "iphoneos iphonesimulator";
				SUPPORTS_MACCATALYST = YES;
				SUPPORTS_MAC_DESIGNED_FOR_IPHONE_IPAD = NO;
				SWIFT_OBJC_BRIDGING_HEADER = "DSWaveformImageExample/DSWaveformImageExample-Bridging-Header.h";
				SWIFT_OPTIMIZATION_LEVEL = "-Onone";
				SWIFT_VERSION = 5.0;
				TARGETED_DEVICE_FAMILY = "1,2";
			};
			name = Debug;
		};
		C365503D1E4927A300D24131 /* Release */ = {
			isa = XCBuildConfiguration;
			buildSettings = {
				ASSETCATALOG_COMPILER_APPICON_NAME = AppIcon;
				CLANG_ENABLE_MODULES = YES;
				CODE_SIGN_ENTITLEMENTS = DSWaveformImageExample/DSWaveformImageExample.entitlements;
				CURRENT_PROJECT_VERSION = 7;
				DEVELOPMENT_TEAM = "";
				INFOPLIST_FILE = DSWaveformImageExample/Info.plist;
				IPHONEOS_DEPLOYMENT_TARGET = 14.0;
				LD_RUNPATH_SEARCH_PATHS = (
					"$(inherited)",
					"@executable_path/Frameworks",
				);
				MARKETING_VERSION = 9.0.2;
				PRODUCT_BUNDLE_IDENTIFIER = de.dmrschmidt.DSWaveformImageExample;
				PRODUCT_NAME = "$(TARGET_NAME)";
				SUPPORTED_PLATFORMS = "iphoneos iphonesimulator";
				SUPPORTS_MACCATALYST = YES;
				SUPPORTS_MAC_DESIGNED_FOR_IPHONE_IPAD = NO;
				SWIFT_OBJC_BRIDGING_HEADER = "DSWaveformImageExample/DSWaveformImageExample-Bridging-Header.h";
				SWIFT_VERSION = 5.0;
				TARGETED_DEVICE_FAMILY = "1,2";
			};
			name = Release;
		};
/* End XCBuildConfiguration section */

/* Begin XCConfigurationList section */
		C336FD4628CEFA210075A75F /* Build configuration list for PBXNativeTarget "DSWaveformImageExample-macOS" */ = {
			isa = XCConfigurationList;
			buildConfigurations = (
				C336FD4428CEFA210075A75F /* Debug */,
				C336FD4528CEFA210075A75F /* Release */,
			);
			defaultConfigurationIsVisible = 0;
			defaultConfigurationName = Release;
		};
		C36550081E49278600D24131 /* Build configuration list for PBXProject "DSWaveformImage" */ = {
			isa = XCConfigurationList;
			buildConfigurations = (
				C36550201E49278700D24131 /* Debug */,
				C36550211E49278700D24131 /* Release */,
			);
			defaultConfigurationIsVisible = 0;
			defaultConfigurationName = Release;
		};
		C365503B1E4927A300D24131 /* Build configuration list for PBXNativeTarget "DSWaveformImageExample" */ = {
			isa = XCConfigurationList;
			buildConfigurations = (
				C365503C1E4927A300D24131 /* Debug */,
				C365503D1E4927A300D24131 /* Release */,
			);
			defaultConfigurationIsVisible = 0;
			defaultConfigurationName = Release;
		};
/* End XCConfigurationList section */

/* Begin XCSwiftPackageProductDependency section */
		6665C0E528D6C9900094A652 /* DSWaveformImageViews */ = {
			isa = XCSwiftPackageProductDependency;
			productName = DSWaveformImageViews;
		};
		6665C0E728D6C9960094A652 /* DSWaveformImageViews */ = {
			isa = XCSwiftPackageProductDependency;
			productName = DSWaveformImageViews;
		};
		6665C0EB28D6C9A00094A652 /* DSWaveformImageViews */ = {
			isa = XCSwiftPackageProductDependency;
			productName = DSWaveformImageViews;
		};
		6665C0ED28D6C9A70094A652 /* DSWaveformImageViews */ = {
			isa = XCSwiftPackageProductDependency;
			productName = DSWaveformImageViews;
		};
/* End XCSwiftPackageProductDependency section */
	};
	rootObject = C36550051E49278600D24131 /* Project object */;
}
