// !$*UTF8*$!
{
	archiveVersion = 1;
	classes = {
	};
	objectVersion = 56;
	objects = {

/* Begin PBXBuildFile section */
		A96F719D2AE02BB1007ED383 /* DSWaveformImageExample_VisionOSApp.swift in Sources */ = {isa = PBXBuildFile; fileRef = A96F719C2AE02BB1007ED383 /* DSWaveformImageExample_VisionOSApp.swift */; };
		A96F719F2AE02BB1007ED383 /* ContentView.swift in Sources */ = {isa = PBXBuildFile; fileRef = A96F719E2AE02BB1007ED383 /* ContentView.swift */; };
		A96F71A12AE02BB2007ED383 /* Assets.xcassets in Resources */ = {isa = PBXBuildFile; fileRef = A96F71A02AE02BB2007ED383 /* Assets.xcassets */; };
		A96F71A42AE02BB2007ED383 /* Preview Assets.xcassets in Resources */ = {isa = PBXBuildFile; fileRef = A96F71A32AE02BB2007ED383 /* Preview Assets.xcassets */; };
		A96F71AA2AE02C37007ED383 /* DSWaveformImage in Frameworks */ = {isa = PBXBuildFile; productRef = A96F71A92AE02C37007ED383 /* DSWaveformImage */; };
		A96F71AC2AE02C37007ED383 /* DSWaveformImageViews in Frameworks */ = {isa = PBXBuildFile; productRef = A96F71AB2AE02C37007ED383 /* DSWaveformImageViews */; };
		A96F71AD2AE02CF4007ED383 /* example_sound.m4a in Resources */ = {isa = PBXBuildFile; fileRef = C39A10F428E2E77F004AB185 /* example_sound.m4a */; };
		C39A10ED28E2E73F004AB185 /* DSWaveformImage in Frameworks */ = {isa = PBXBuildFile; productRef = C39A10EC28E2E73F004AB185 /* DSWaveformImage */; };
		C39A10EF28E2E73F004AB185 /* DSWaveformImageViews in Frameworks */ = {isa = PBXBuildFile; productRef = C39A10EE28E2E73F004AB185 /* DSWaveformImageViews */; };
		C39A10F728E2E77F004AB185 /* SCAudioManager.m in Sources */ = {isa = PBXBuildFile; fileRef = C39A10F328E2E77F004AB185 /* SCAudioManager.m */; };
		C39A10F828E2E77F004AB185 /* example_sound.m4a in Resources */ = {isa = PBXBuildFile; fileRef = C39A10F428E2E77F004AB185 /* example_sound.m4a */; };
		C39A10F928E2E77F004AB185 /* RecordingViewController.swift in Sources */ = {isa = PBXBuildFile; fileRef = C39A10F528E2E77F004AB185 /* RecordingViewController.swift */; };
		C39A10FE28E2E91E004AB185 /* SwiftUIExample.swift in Sources */ = {isa = PBXBuildFile; fileRef = C39A10FB28E2E91E004AB185 /* SwiftUIExample.swift */; };
		C39A10FF28E2E91E004AB185 /* RecordingIndicatorView.swift in Sources */ = {isa = PBXBuildFile; fileRef = C39A10FC28E2E91E004AB185 /* RecordingIndicatorView.swift */; };
		C39A110028E2E91E004AB185 /* SwiftUIExampleView.swift in Sources */ = {isa = PBXBuildFile; fileRef = C39A10FD28E2E91E004AB185 /* SwiftUIExampleView.swift */; };
		C39A110228E2E98A004AB185 /* example_sound_2.m4a in Resources */ = {isa = PBXBuildFile; fileRef = C39A110128E2E98A004AB185 /* example_sound_2.m4a */; };
		C39A110A28E2EABF004AB185 /* DSWaveformImageExample_macOSApp.swift in Sources */ = {isa = PBXBuildFile; fileRef = C39A110928E2EABF004AB185 /* DSWaveformImageExample_macOSApp.swift */; };
		C39A110C28E2EABF004AB185 /* ContentView.swift in Sources */ = {isa = PBXBuildFile; fileRef = C39A110B28E2EABF004AB185 /* ContentView.swift */; };
		C39A110E28E2EAC0004AB185 /* Assets.xcassets in Resources */ = {isa = PBXBuildFile; fileRef = C39A110D28E2EAC0004AB185 /* Assets.xcassets */; };
		C39A111128E2EAC0004AB185 /* Preview Assets.xcassets in Resources */ = {isa = PBXBuildFile; fileRef = C39A111028E2EAC0004AB185 /* Preview Assets.xcassets */; };
		C39A111928E2EBAD004AB185 /* DSWaveformImage in Frameworks */ = {isa = PBXBuildFile; productRef = C39A111828E2EBAD004AB185 /* DSWaveformImage */; };
		C39A111B28E2EBAD004AB185 /* DSWaveformImageViews in Frameworks */ = {isa = PBXBuildFile; productRef = C39A111A28E2EBAD004AB185 /* DSWaveformImageViews */; };
		C39A111C28E2EC50004AB185 /* example_sound.m4a in Resources */ = {isa = PBXBuildFile; fileRef = C39A10F428E2E77F004AB185 /* example_sound.m4a */; };
		C3C83AC72A0BECBD00DF02F2 /* ProgressViewController.swift in Sources */ = {isa = PBXBuildFile; fileRef = C3C83AC62A0BECBD00DF02F2 /* ProgressViewController.swift */; };
		C3C83AC92A0C050900DF02F2 /* ProgressWaveformView.swift in Sources */ = {isa = PBXBuildFile; fileRef = C3C83AC82A0C050900DF02F2 /* ProgressWaveformView.swift */; };
		C3D671EF28E2E61F006C022D /* AppDelegate.swift in Sources */ = {isa = PBXBuildFile; fileRef = C3D671EE28E2E61F006C022D /* AppDelegate.swift */; };
		C3D671F128E2E61F006C022D /* SceneDelegate.swift in Sources */ = {isa = PBXBuildFile; fileRef = C3D671F028E2E61F006C022D /* SceneDelegate.swift */; };
		C3D671F328E2E61F006C022D /* ViewController.swift in Sources */ = {isa = PBXBuildFile; fileRef = C3D671F228E2E61F006C022D /* ViewController.swift */; };
		C3D671F628E2E61F006C022D /* Main.storyboard in Resources */ = {isa = PBXBuildFile; fileRef = C3D671F428E2E61F006C022D /* Main.storyboard */; };
		C3D671F828E2E61F006C022D /* Assets.xcassets in Resources */ = {isa = PBXBuildFile; fileRef = C3D671F728E2E61F006C022D /* Assets.xcassets */; };
		C3D671FB28E2E61F006C022D /* LaunchScreen.storyboard in Resources */ = {isa = PBXBuildFile; fileRef = C3D671F928E2E61F006C022D /* LaunchScreen.storyboard */; };
/* End PBXBuildFile section */

/* Begin PBXFileReference section */
		A96F71972AE02BB1007ED383 /* DSWaveformImageExample-VisionOS.app */ = {isa = PBXFileReference; explicitFileType = wrapper.application; includeInIndex = 0; path = "DSWaveformImageExample-VisionOS.app"; sourceTree = BUILT_PRODUCTS_DIR; };
		A96F719C2AE02BB1007ED383 /* DSWaveformImageExample_VisionOSApp.swift */ = {isa = PBXFileReference; lastKnownFileType = sourcecode.swift; path = DSWaveformImageExample_VisionOSApp.swift; sourceTree = "<group>"; };
		A96F719E2AE02BB1007ED383 /* ContentView.swift */ = {isa = PBXFileReference; lastKnownFileType = sourcecode.swift; path = ContentView.swift; sourceTree = "<group>"; };
		A96F71A02AE02BB2007ED383 /* Assets.xcassets */ = {isa = PBXFileReference; lastKnownFileType = folder.assetcatalog; path = Assets.xcassets; sourceTree = "<group>"; };
		A96F71A32AE02BB2007ED383 /* Preview Assets.xcassets */ = {isa = PBXFileReference; lastKnownFileType = folder.assetcatalog; path = "Preview Assets.xcassets"; sourceTree = "<group>"; };
		A96F71A52AE02BB2007ED383 /* Info.plist */ = {isa = PBXFileReference; lastKnownFileType = text.plist.xml; path = Info.plist; sourceTree = "<group>"; };
		C39A10F028E2E77E004AB185 /* DSWaveformImageExample-iOS-Bridging-Header.h */ = {isa = PBXFileReference; lastKnownFileType = sourcecode.c.h; path = "DSWaveformImageExample-iOS-Bridging-Header.h"; sourceTree = "<group>"; };
		C39A10F128E2E77F004AB185 /* SCAudioManager.h */ = {isa = PBXFileReference; fileEncoding = 4; lastKnownFileType = sourcecode.c.h; path = SCAudioManager.h; sourceTree = "<group>"; };
		C39A10F328E2E77F004AB185 /* SCAudioManager.m */ = {isa = PBXFileReference; fileEncoding = 4; lastKnownFileType = sourcecode.c.objc; path = SCAudioManager.m; sourceTree = "<group>"; };
		C39A10F428E2E77F004AB185 /* example_sound.m4a */ = {isa = PBXFileReference; lastKnownFileType = file; path = example_sound.m4a; sourceTree = "<group>"; };
		C39A10F528E2E77F004AB185 /* RecordingViewController.swift */ = {isa = PBXFileReference; fileEncoding = 4; lastKnownFileType = sourcecode.swift; path = RecordingViewController.swift; sourceTree = "<group>"; };
		C39A10FB28E2E91E004AB185 /* SwiftUIExample.swift */ = {isa = PBXFileReference; fileEncoding = 4; lastKnownFileType = sourcecode.swift; path = SwiftUIExample.swift; sourceTree = "<group>"; };
		C39A10FC28E2E91E004AB185 /* RecordingIndicatorView.swift */ = {isa = PBXFileReference; fileEncoding = 4; lastKnownFileType = sourcecode.swift; path = RecordingIndicatorView.swift; sourceTree = "<group>"; };
		C39A10FD28E2E91E004AB185 /* SwiftUIExampleView.swift */ = {isa = PBXFileReference; fileEncoding = 4; lastKnownFileType = sourcecode.swift; path = SwiftUIExampleView.swift; sourceTree = "<group>"; };
		C39A110128E2E98A004AB185 /* example_sound_2.m4a */ = {isa = PBXFileReference; lastKnownFileType = file; path = example_sound_2.m4a; sourceTree = "<group>"; };
		C39A110728E2EABF004AB185 /* DSWaveformImageExample-macOS.app */ = {isa = PBXFileReference; explicitFileType = wrapper.application; includeInIndex = 0; path = "DSWaveformImageExample-macOS.app"; sourceTree = BUILT_PRODUCTS_DIR; };
		C39A110928E2EABF004AB185 /* DSWaveformImageExample_macOSApp.swift */ = {isa = PBXFileReference; lastKnownFileType = sourcecode.swift; path = DSWaveformImageExample_macOSApp.swift; sourceTree = "<group>"; };
		C39A110B28E2EABF004AB185 /* ContentView.swift */ = {isa = PBXFileReference; lastKnownFileType = sourcecode.swift; path = ContentView.swift; sourceTree = "<group>"; };
		C39A110D28E2EAC0004AB185 /* Assets.xcassets */ = {isa = PBXFileReference; lastKnownFileType = folder.assetcatalog; path = Assets.xcassets; sourceTree = "<group>"; };
		C39A111028E2EAC0004AB185 /* Preview Assets.xcassets */ = {isa = PBXFileReference; lastKnownFileType = folder.assetcatalog; path = "Preview Assets.xcassets"; sourceTree = "<group>"; };
		C39A111228E2EAC0004AB185 /* DSWaveformImageExample_macOS.entitlements */ = {isa = PBXFileReference; lastKnownFileType = text.plist.entitlements; path = DSWaveformImageExample_macOS.entitlements; sourceTree = "<group>"; };
		C3C83AC62A0BECBD00DF02F2 /* ProgressViewController.swift */ = {isa = PBXFileReference; lastKnownFileType = sourcecode.swift; path = ProgressViewController.swift; sourceTree = "<group>"; };
		C3C83AC82A0C050900DF02F2 /* ProgressWaveformView.swift */ = {isa = PBXFileReference; lastKnownFileType = sourcecode.swift; path = ProgressWaveformView.swift; sourceTree = "<group>"; };
		C3D671EB28E2E61F006C022D /* DSWaveformImageExample-iOS.app */ = {isa = PBXFileReference; explicitFileType = wrapper.application; includeInIndex = 0; path = "DSWaveformImageExample-iOS.app"; sourceTree = BUILT_PRODUCTS_DIR; };
		C3D671EE28E2E61F006C022D /* AppDelegate.swift */ = {isa = PBXFileReference; lastKnownFileType = sourcecode.swift; path = AppDelegate.swift; sourceTree = "<group>"; };
		C3D671F028E2E61F006C022D /* SceneDelegate.swift */ = {isa = PBXFileReference; lastKnownFileType = sourcecode.swift; path = SceneDelegate.swift; sourceTree = "<group>"; };
		C3D671F228E2E61F006C022D /* ViewController.swift */ = {isa = PBXFileReference; lastKnownFileType = sourcecode.swift; path = ViewController.swift; sourceTree = "<group>"; };
		C3D671F528E2E61F006C022D /* Base */ = {isa = PBXFileReference; lastKnownFileType = file.storyboard; name = Base; path = Base.lproj/Main.storyboard; sourceTree = "<group>"; };
		C3D671F728E2E61F006C022D /* Assets.xcassets */ = {isa = PBXFileReference; lastKnownFileType = folder.assetcatalog; path = Assets.xcassets; sourceTree = "<group>"; };
		C3D671FA28E2E61F006C022D /* Base */ = {isa = PBXFileReference; lastKnownFileType = file.storyboard; name = Base; path = Base.lproj/LaunchScreen.storyboard; sourceTree = "<group>"; };
		C3D671FC28E2E61F006C022D /* Info.plist */ = {isa = PBXFileReference; lastKnownFileType = text.plist.xml; path = Info.plist; sourceTree = "<group>"; };
		C3D6720328E2E711006C022D /* DSWaveformImage */ = {isa = PBXFileReference; lastKnownFileType = wrapper; name = DSWaveformImage; path = ..; sourceTree = "<group>"; };
/* End PBXFileReference section */

/* Begin PBXFrameworksBuildPhase section */
		A96F71942AE02BB1007ED383 /* Frameworks */ = {
			isa = PBXFrameworksBuildPhase;
			buildActionMask = 2147483647;
			files = (
				A96F71AA2AE02C37007ED383 /* DSWaveformImage in Frameworks */,
				A96F71AC2AE02C37007ED383 /* DSWaveformImageViews in Frameworks */,
			);
			runOnlyForDeploymentPostprocessing = 0;
		};
		C39A110428E2EABF004AB185 /* Frameworks */ = {
			isa = PBXFrameworksBuildPhase;
			buildActionMask = 2147483647;
			files = (
				C39A111928E2EBAD004AB185 /* DSWaveformImage in Frameworks */,
				C39A111B28E2EBAD004AB185 /* DSWaveformImageViews in Frameworks */,
			);
			runOnlyForDeploymentPostprocessing = 0;
		};
		C3D671E828E2E61F006C022D /* Frameworks */ = {
			isa = PBXFrameworksBuildPhase;
			buildActionMask = 2147483647;
			files = (
				C39A10ED28E2E73F004AB185 /* DSWaveformImage in Frameworks */,
				C39A10EF28E2E73F004AB185 /* DSWaveformImageViews in Frameworks */,
			);
			runOnlyForDeploymentPostprocessing = 0;
		};
/* End PBXFrameworksBuildPhase section */

/* Begin PBXGroup section */
		A96F71982AE02BB1007ED383 /* DSWaveformImageExample-VisionOS */ = {
			isa = PBXGroup;
			children = (
				A96F719C2AE02BB1007ED383 /* DSWaveformImageExample_VisionOSApp.swift */,
				A96F719E2AE02BB1007ED383 /* ContentView.swift */,
				A96F71A02AE02BB2007ED383 /* Assets.xcassets */,
				A96F71A52AE02BB2007ED383 /* Info.plist */,
				A96F71A22AE02BB2007ED383 /* Preview Content */,
			);
			path = "DSWaveformImageExample-VisionOS";
			sourceTree = "<group>";
		};
		A96F71A22AE02BB2007ED383 /* Preview Content */ = {
			isa = PBXGroup;
			children = (
				A96F71A32AE02BB2007ED383 /* Preview Assets.xcassets */,
			);
			path = "Preview Content";
			sourceTree = "<group>";
		};
		C39A10EB28E2E73F004AB185 /* Frameworks */ = {
			isa = PBXGroup;
			children = (
			);
			name = Frameworks;
			sourceTree = "<group>";
		};
		C39A10FA28E2E91E004AB185 /* SwiftUIExample */ = {
			isa = PBXGroup;
			children = (
				C39A10FB28E2E91E004AB185 /* SwiftUIExample.swift */,
				C39A10FC28E2E91E004AB185 /* RecordingIndicatorView.swift */,
				C39A10FD28E2E91E004AB185 /* SwiftUIExampleView.swift */,
				C3C83AC82A0C050900DF02F2 /* ProgressWaveformView.swift */,
			);
			path = SwiftUIExample;
			sourceTree = "<group>";
		};
		C39A110828E2EABF004AB185 /* DSWaveformImageExample-macOS */ = {
			isa = PBXGroup;
			children = (
				C39A110928E2EABF004AB185 /* DSWaveformImageExample_macOSApp.swift */,
				C39A110B28E2EABF004AB185 /* ContentView.swift */,
				C39A110D28E2EAC0004AB185 /* Assets.xcassets */,
				C39A111228E2EAC0004AB185 /* DSWaveformImageExample_macOS.entitlements */,
				C39A110F28E2EAC0004AB185 /* Preview Content */,
			);
			path = "DSWaveformImageExample-macOS";
			sourceTree = "<group>";
		};
		C39A110F28E2EAC0004AB185 /* Preview Content */ = {
			isa = PBXGroup;
			children = (
				C39A111028E2EAC0004AB185 /* Preview Assets.xcassets */,
			);
			path = "Preview Content";
			sourceTree = "<group>";
		};
		C3D671E228E2E61F006C022D = {
			isa = PBXGroup;
			children = (
				C3D6720228E2E711006C022D /* Packages */,
				C3D671ED28E2E61F006C022D /* DSWaveformImageExample-iOS */,
				C39A110828E2EABF004AB185 /* DSWaveformImageExample-macOS */,
				A96F71982AE02BB1007ED383 /* DSWaveformImageExample-VisionOS */,
				C3D671EC28E2E61F006C022D /* Products */,
				C39A10EB28E2E73F004AB185 /* Frameworks */,
			);
			sourceTree = "<group>";
		};
		C3D671EC28E2E61F006C022D /* Products */ = {
			isa = PBXGroup;
			children = (
				C3D671EB28E2E61F006C022D /* DSWaveformImageExample-iOS.app */,
				C39A110728E2EABF004AB185 /* DSWaveformImageExample-macOS.app */,
				A96F71972AE02BB1007ED383 /* DSWaveformImageExample-VisionOS.app */,
			);
			name = Products;
			sourceTree = "<group>";
		};
		C3D671ED28E2E61F006C022D /* DSWaveformImageExample-iOS */ = {
			isa = PBXGroup;
			children = (
				C3D671EE28E2E61F006C022D /* AppDelegate.swift */,
				C3D671F728E2E61F006C022D /* Assets.xcassets */,
				C39A10F028E2E77E004AB185 /* DSWaveformImageExample-iOS-Bridging-Header.h */,
				C39A110128E2E98A004AB185 /* example_sound_2.m4a */,
				C39A10F428E2E77F004AB185 /* example_sound.m4a */,
				C3D671FC28E2E61F006C022D /* Info.plist */,
				C3D671F928E2E61F006C022D /* LaunchScreen.storyboard */,
				C3D671F428E2E61F006C022D /* Main.storyboard */,
				C3C83AC62A0BECBD00DF02F2 /* ProgressViewController.swift */,
				C39A10F528E2E77F004AB185 /* RecordingViewController.swift */,
				C39A10F128E2E77F004AB185 /* SCAudioManager.h */,
				C39A10F328E2E77F004AB185 /* SCAudioManager.m */,
				C3D671F028E2E61F006C022D /* SceneDelegate.swift */,
				C39A10FA28E2E91E004AB185 /* SwiftUIExample */,
				C3D671F228E2E61F006C022D /* ViewController.swift */,
			);
			path = "DSWaveformImageExample-iOS";
			sourceTree = "<group>";
		};
		C3D6720228E2E711006C022D /* Packages */ = {
			isa = PBXGroup;
			children = (
				C3D6720328E2E711006C022D /* DSWaveformImage */,
			);
			name = Packages;
			sourceTree = "<group>";
		};
/* End PBXGroup section */

/* Begin PBXNativeTarget section */
		A96F71962AE02BB1007ED383 /* DSWaveformImageExample-VisionOS */ = {
			isa = PBXNativeTarget;
			buildConfigurationList = A96F71A82AE02BB2007ED383 /* Build configuration list for PBXNativeTarget "DSWaveformImageExample-VisionOS" */;
			buildPhases = (
				A96F71932AE02BB1007ED383 /* Sources */,
				A96F71942AE02BB1007ED383 /* Frameworks */,
				A96F71952AE02BB1007ED383 /* Resources */,
			);
			buildRules = (
			);
			dependencies = (
			);
			name = "DSWaveformImageExample-VisionOS";
			packageProductDependencies = (
				A96F71A92AE02C37007ED383 /* DSWaveformImage */,
				A96F71AB2AE02C37007ED383 /* DSWaveformImageViews */,
			);
			productName = "DSWaveformImageExample-VisionOS";
			productReference = A96F71972AE02BB1007ED383 /* DSWaveformImageExample-VisionOS.app */;
			productType = "com.apple.product-type.application";
		};
		C39A110628E2EABF004AB185 /* DSWaveformImageExample-macOS */ = {
			isa = PBXNativeTarget;
			buildConfigurationList = C39A111328E2EAC0004AB185 /* Build configuration list for PBXNativeTarget "DSWaveformImageExample-macOS" */;
			buildPhases = (
				C39A110328E2EABF004AB185 /* Sources */,
				C39A110428E2EABF004AB185 /* Frameworks */,
				C39A110528E2EABF004AB185 /* Resources */,
			);
			buildRules = (
			);
			dependencies = (
			);
			name = "DSWaveformImageExample-macOS";
			packageProductDependencies = (
				C39A111828E2EBAD004AB185 /* DSWaveformImage */,
				C39A111A28E2EBAD004AB185 /* DSWaveformImageViews */,
			);
			productName = "DSWaveformImageExample-macOS";
			productReference = C39A110728E2EABF004AB185 /* DSWaveformImageExample-macOS.app */;
			productType = "com.apple.product-type.application";
		};
		C3D671EA28E2E61F006C022D /* DSWaveformImageExample-iOS */ = {
			isa = PBXNativeTarget;
			buildConfigurationList = C3D671FF28E2E61F006C022D /* Build configuration list for PBXNativeTarget "DSWaveformImageExample-iOS" */;
			buildPhases = (
				C3D671E728E2E61F006C022D /* Sources */,
				C3D671E828E2E61F006C022D /* Frameworks */,
				C3D671E928E2E61F006C022D /* Resources */,
			);
			buildRules = (
			);
			dependencies = (
			);
			name = "DSWaveformImageExample-iOS";
			packageProductDependencies = (
				C39A10EC28E2E73F004AB185 /* DSWaveformImage */,
				C39A10EE28E2E73F004AB185 /* DSWaveformImageViews */,
			);
			productName = "DSWaveformImageExample-iOS";
			productReference = C3D671EB28E2E61F006C022D /* DSWaveformImageExample-iOS.app */;
			productType = "com.apple.product-type.application";
		};
/* End PBXNativeTarget section */

/* Begin PBXProject section */
		C3D671E328E2E61F006C022D /* Project object */ = {
			isa = PBXProject;
			attributes = {
				BuildIndependentTargetsInParallel = 1;
				LastSwiftUpdateCheck = 1510;
				LastUpgradeCheck = 1500;
				TargetAttributes = {
					A96F71962AE02BB1007ED383 = {
						CreatedOnToolsVersion = 15.1;
					};
					C39A110628E2EABF004AB185 = {
						CreatedOnToolsVersion = 14.0;
					};
					C3D671EA28E2E61F006C022D = {
						CreatedOnToolsVersion = 14.0;
						LastSwiftMigration = 1400;
					};
				};
			};
			buildConfigurationList = C3D671E628E2E61F006C022D /* Build configuration list for PBXProject "DSWaveformImageExample" */;
			compatibilityVersion = "Xcode 14.0";
			developmentRegion = en;
			hasScannedForEncodings = 0;
			knownRegions = (
				en,
				Base,
			);
			mainGroup = C3D671E228E2E61F006C022D;
			productRefGroup = C3D671EC28E2E61F006C022D /* Products */;
			projectDirPath = "";
			projectRoot = "";
			targets = (
				C3D671EA28E2E61F006C022D /* DSWaveformImageExample-iOS */,
				C39A110628E2EABF004AB185 /* DSWaveformImageExample-macOS */,
				A96F71962AE02BB1007ED383 /* DSWaveformImageExample-VisionOS */,
			);
		};
/* End PBXProject section */

/* Begin PBXResourcesBuildPhase section */
		A96F71952AE02BB1007ED383 /* Resources */ = {
			isa = PBXResourcesBuildPhase;
			buildActionMask = 2147483647;
			files = (
				A96F71AD2AE02CF4007ED383 /* example_sound.m4a in Resources */,
				A96F71A42AE02BB2007ED383 /* Preview Assets.xcassets in Resources */,
				A96F71A12AE02BB2007ED383 /* Assets.xcassets in Resources */,
			);
			runOnlyForDeploymentPostprocessing = 0;
		};
		C39A110528E2EABF004AB185 /* Resources */ = {
			isa = PBXResourcesBuildPhase;
			buildActionMask = 2147483647;
			files = (
				C39A111C28E2EC50004AB185 /* example_sound.m4a in Resources */,
				C39A111128E2EAC0004AB185 /* Preview Assets.xcassets in Resources */,
				C39A110E28E2EAC0004AB185 /* Assets.xcassets in Resources */,
			);
			runOnlyForDeploymentPostprocessing = 0;
		};
		C3D671E928E2E61F006C022D /* Resources */ = {
			isa = PBXResourcesBuildPhase;
			buildActionMask = 2147483647;
			files = (
				C39A110228E2E98A004AB185 /* example_sound_2.m4a in Resources */,
				C3D671FB28E2E61F006C022D /* LaunchScreen.storyboard in Resources */,
				C3D671F828E2E61F006C022D /* Assets.xcassets in Resources */,
				C39A10F828E2E77F004AB185 /* example_sound.m4a in Resources */,
				C3D671F628E2E61F006C022D /* Main.storyboard in Resources */,
			);
			runOnlyForDeploymentPostprocessing = 0;
		};
/* End PBXResourcesBuildPhase section */

/* Begin PBXSourcesBuildPhase section */
		A96F71932AE02BB1007ED383 /* Sources */ = {
			isa = PBXSourcesBuildPhase;
			buildActionMask = 2147483647;
			files = (
				A96F719F2AE02BB1007ED383 /* ContentView.swift in Sources */,
				A96F719D2AE02BB1007ED383 /* DSWaveformImageExample_VisionOSApp.swift in Sources */,
			);
			runOnlyForDeploymentPostprocessing = 0;
		};
		C39A110328E2EABF004AB185 /* Sources */ = {
			isa = PBXSourcesBuildPhase;
			buildActionMask = 2147483647;
			files = (
				C39A110C28E2EABF004AB185 /* ContentView.swift in Sources */,
				C39A110A28E2EABF004AB185 /* DSWaveformImageExample_macOSApp.swift in Sources */,
			);
			runOnlyForDeploymentPostprocessing = 0;
		};
		C3D671E728E2E61F006C022D /* Sources */ = {
			isa = PBXSourcesBuildPhase;
			buildActionMask = 2147483647;
			files = (
				C3C83AC72A0BECBD00DF02F2 /* ProgressViewController.swift in Sources */,
				C3D671F328E2E61F006C022D /* ViewController.swift in Sources */,
				C39A10F928E2E77F004AB185 /* RecordingViewController.swift in Sources */,
				C3D671EF28E2E61F006C022D /* AppDelegate.swift in Sources */,
				C39A10FF28E2E91E004AB185 /* RecordingIndicatorView.swift in Sources */,
				C39A10F728E2E77F004AB185 /* SCAudioManager.m in Sources */,
				C3C83AC92A0C050900DF02F2 /* ProgressWaveformView.swift in Sources */,
				C39A110028E2E91E004AB185 /* SwiftUIExampleView.swift in Sources */,
				C39A10FE28E2E91E004AB185 /* SwiftUIExample.swift in Sources */,
				C3D671F128E2E61F006C022D /* SceneDelegate.swift in Sources */,
			);
			runOnlyForDeploymentPostprocessing = 0;
		};
/* End PBXSourcesBuildPhase section */

/* Begin PBXVariantGroup section */
		C3D671F428E2E61F006C022D /* Main.storyboard */ = {
			isa = PBXVariantGroup;
			children = (
				C3D671F528E2E61F006C022D /* Base */,
			);
			name = Main.storyboard;
			sourceTree = "<group>";
		};
		C3D671F928E2E61F006C022D /* LaunchScreen.storyboard */ = {
			isa = PBXVariantGroup;
			children = (
				C3D671FA28E2E61F006C022D /* Base */,
			);
			name = LaunchScreen.storyboard;
			sourceTree = "<group>";
		};
/* End PBXVariantGroup section */

/* Begin XCBuildConfiguration section */
		A96F71A62AE02BB2007ED383 /* Debug */ = {
			isa = XCBuildConfiguration;
			buildSettings = {
				ASSETCATALOG_COMPILER_APPICON_NAME = AppIcon;
				ASSETCATALOG_COMPILER_GENERATE_SWIFT_ASSET_SYMBOL_EXTENSIONS = YES;
				ASSETCATALOG_COMPILER_GLOBAL_ACCENT_COLOR_NAME = AccentColor;
				CODE_SIGN_IDENTITY = "-";
				CODE_SIGN_STYLE = Automatic;
				CURRENT_PROJECT_VERSION = 1;
				DEAD_CODE_STRIPPING = YES;
				DEVELOPMENT_ASSET_PATHS = "\"DSWaveformImageExample-VisionOS/Preview Content\"";
				DEVELOPMENT_TEAM = "";
				ENABLE_PREVIEWS = YES;
				ENABLE_USER_SCRIPT_SANDBOXING = YES;
				GCC_C_LANGUAGE_STANDARD = gnu17;
				GENERATE_INFOPLIST_FILE = YES;
				INFOPLIST_FILE = "$(TARGET_NAME)/Info.plist";
				LD_RUNPATH_SEARCH_PATHS = (
					"$(inherited)",
					"@executable_path/Frameworks",
				);
				LOCALIZATION_PREFERS_STRING_CATALOGS = YES;
				MARKETING_VERSION = 1.0;
				PRODUCT_BUNDLE_IDENTIFIER = "de.dmrschmidt.DSWaveformImageExample-VisionOS";
				PRODUCT_NAME = "$(TARGET_NAME)";
				SDKROOT = xros;
				SUPPORTED_PLATFORMS = "xros xrsimulator";
				SWIFT_ACTIVE_COMPILATION_CONDITIONS = "DEBUG $(inherited)";
				SWIFT_EMIT_LOC_STRINGS = YES;
				SWIFT_VERSION = 5.0;
				TARGETED_DEVICE_FAMILY = "1,2,7";
				XROS_DEPLOYMENT_TARGET = 1.0;
			};
			name = Debug;
		};
		A96F71A72AE02BB2007ED383 /* Release */ = {
			isa = XCBuildConfiguration;
			buildSettings = {
				ASSETCATALOG_COMPILER_APPICON_NAME = AppIcon;
				ASSETCATALOG_COMPILER_GENERATE_SWIFT_ASSET_SYMBOL_EXTENSIONS = YES;
				ASSETCATALOG_COMPILER_GLOBAL_ACCENT_COLOR_NAME = AccentColor;
				CODE_SIGN_IDENTITY = "-";
				CODE_SIGN_STYLE = Automatic;
				CURRENT_PROJECT_VERSION = 1;
				DEAD_CODE_STRIPPING = YES;
				DEVELOPMENT_ASSET_PATHS = "\"DSWaveformImageExample-VisionOS/Preview Content\"";
				DEVELOPMENT_TEAM = "";
				ENABLE_PREVIEWS = YES;
				ENABLE_USER_SCRIPT_SANDBOXING = YES;
				GCC_C_LANGUAGE_STANDARD = gnu17;
				GENERATE_INFOPLIST_FILE = YES;
				INFOPLIST_FILE = "$(TARGET_NAME)/Info.plist";
				LD_RUNPATH_SEARCH_PATHS = (
					"$(inherited)",
					"@executable_path/Frameworks",
				);
				LOCALIZATION_PREFERS_STRING_CATALOGS = YES;
				MARKETING_VERSION = 1.0;
				PRODUCT_BUNDLE_IDENTIFIER = "de.dmrschmidt.DSWaveformImageExample-VisionOS";
				PRODUCT_NAME = "$(TARGET_NAME)";
				SDKROOT = xros;
				SUPPORTED_PLATFORMS = "xros xrsimulator";
				SWIFT_EMIT_LOC_STRINGS = YES;
				SWIFT_VERSION = 5.0;
				TARGETED_DEVICE_FAMILY = "1,2,7";
				XROS_DEPLOYMENT_TARGET = 1.0;
			};
			name = Release;
		};
		C39A111428E2EAC0004AB185 /* Debug */ = {
			isa = XCBuildConfiguration;
			buildSettings = {
				ASSETCATALOG_COMPILER_APPICON_NAME = AppIcon;
				ASSETCATALOG_COMPILER_GLOBAL_ACCENT_COLOR_NAME = AccentColor;
				CODE_SIGN_ENTITLEMENTS = "DSWaveformImageExample-macOS/DSWaveformImageExample_macOS.entitlements";
				CODE_SIGN_STYLE = Automatic;
				COMBINE_HIDPI_IMAGES = YES;
				CURRENT_PROJECT_VERSION = 1;
				DEAD_CODE_STRIPPING = YES;
				DEVELOPMENT_ASSET_PATHS = "\"DSWaveformImageExample-macOS/Preview Content\"";
				DEVELOPMENT_TEAM = X9XK2SF8F6;
				ENABLE_HARDENED_RUNTIME = YES;
				ENABLE_PREVIEWS = YES;
				GENERATE_INFOPLIST_FILE = YES;
				INFOPLIST_KEY_NSHumanReadableCopyright = "";
				LD_RUNPATH_SEARCH_PATHS = (
					"$(inherited)",
					"@executable_path/../Frameworks",
				);
				MACOSX_DEPLOYMENT_TARGET = 12.0;
				MARKETING_VERSION = 1.0;
				PRODUCT_BUNDLE_IDENTIFIER = "de.dmrschmidt.DSWaveformImageExample-macOS";
				PRODUCT_NAME = "$(TARGET_NAME)";
				SDKROOT = macosx;
				SWIFT_EMIT_LOC_STRINGS = YES;
				SWIFT_VERSION = 5.0;
			};
			name = Debug;
		};
		C39A111528E2EAC0004AB185 /* Release */ = {
			isa = XCBuildConfiguration;
			buildSettings = {
				ASSETCATALOG_COMPILER_APPICON_NAME = AppIcon;
				ASSETCATALOG_COMPILER_GLOBAL_ACCENT_COLOR_NAME = AccentColor;
				CODE_SIGN_ENTITLEMENTS = "DSWaveformImageExample-macOS/DSWaveformImageExample_macOS.entitlements";
				CODE_SIGN_STYLE = Automatic;
				COMBINE_HIDPI_IMAGES = YES;
				CURRENT_PROJECT_VERSION = 1;
				DEAD_CODE_STRIPPING = YES;
				DEVELOPMENT_ASSET_PATHS = "\"DSWaveformImageExample-macOS/Preview Content\"";
				DEVELOPMENT_TEAM = X9XK2SF8F6;
				ENABLE_HARDENED_RUNTIME = YES;
				ENABLE_PREVIEWS = YES;
				GENERATE_INFOPLIST_FILE = YES;
				INFOPLIST_KEY_NSHumanReadableCopyright = "";
				LD_RUNPATH_SEARCH_PATHS = (
					"$(inherited)",
					"@executable_path/../Frameworks",
				);
				MACOSX_DEPLOYMENT_TARGET = 12.0;
				MARKETING_VERSION = 1.0;
				PRODUCT_BUNDLE_IDENTIFIER = "de.dmrschmidt.DSWaveformImageExample-macOS";
				PRODUCT_NAME = "$(TARGET_NAME)";
				SDKROOT = macosx;
				SWIFT_EMIT_LOC_STRINGS = YES;
				SWIFT_VERSION = 5.0;
			};
			name = Release;
		};
		C3D671FD28E2E61F006C022D /* Debug */ = {
			isa = XCBuildConfiguration;
			buildSettings = {
				ALWAYS_SEARCH_USER_PATHS = NO;
				ASSETCATALOG_COMPILER_GENERATE_SWIFT_ASSET_SYMBOL_EXTENSIONS = YES;
				CLANG_ANALYZER_NONNULL = YES;
				CLANG_ANALYZER_NUMBER_OBJECT_CONVERSION = YES_AGGRESSIVE;
				CLANG_CXX_LANGUAGE_STANDARD = "gnu++20";
				CLANG_ENABLE_MODULES = YES;
				CLANG_ENABLE_OBJC_ARC = YES;
				CLANG_ENABLE_OBJC_WEAK = YES;
				CLANG_WARN_BLOCK_CAPTURE_AUTORELEASING = YES;
				CLANG_WARN_BOOL_CONVERSION = YES;
				CLANG_WARN_COMMA = YES;
				CLANG_WARN_CONSTANT_CONVERSION = YES;
				CLANG_WARN_DEPRECATED_OBJC_IMPLEMENTATIONS = YES;
				CLANG_WARN_DIRECT_OBJC_ISA_USAGE = YES_ERROR;
				CLANG_WARN_DOCUMENTATION_COMMENTS = YES;
				CLANG_WARN_EMPTY_BODY = YES;
				CLANG_WARN_ENUM_CONVERSION = YES;
				CLANG_WARN_INFINITE_RECURSION = YES;
				CLANG_WARN_INT_CONVERSION = YES;
				CLANG_WARN_NON_LITERAL_NULL_CONVERSION = YES;
				CLANG_WARN_OBJC_IMPLICIT_RETAIN_SELF = YES;
				CLANG_WARN_OBJC_LITERAL_CONVERSION = YES;
				CLANG_WARN_OBJC_ROOT_CLASS = YES_ERROR;
				CLANG_WARN_QUOTED_INCLUDE_IN_FRAMEWORK_HEADER = YES;
				CLANG_WARN_RANGE_LOOP_ANALYSIS = YES;
				CLANG_WARN_STRICT_PROTOTYPES = YES;
				CLANG_WARN_SUSPICIOUS_MOVE = YES;
				CLANG_WARN_UNGUARDED_AVAILABILITY = YES_AGGRESSIVE;
				CLANG_WARN_UNREACHABLE_CODE = YES;
				CLANG_WARN__DUPLICATE_METHOD_MATCH = YES;
				COPY_PHASE_STRIP = NO;
				DEBUG_INFORMATION_FORMAT = dwarf;
				ENABLE_STRICT_OBJC_MSGSEND = YES;
				ENABLE_TESTABILITY = YES;
				GCC_C_LANGUAGE_STANDARD = gnu11;
				GCC_DYNAMIC_NO_PIC = NO;
				GCC_NO_COMMON_BLOCKS = YES;
				GCC_OPTIMIZATION_LEVEL = 0;
				GCC_PREPROCESSOR_DEFINITIONS = (
					"DEBUG=1",
					"$(inherited)",
				);
				GCC_WARN_64_TO_32_BIT_CONVERSION = YES;
				GCC_WARN_ABOUT_RETURN_TYPE = YES_ERROR;
				GCC_WARN_UNDECLARED_SELECTOR = YES;
				GCC_WARN_UNINITIALIZED_AUTOS = YES_AGGRESSIVE;
				GCC_WARN_UNUSED_FUNCTION = YES;
				GCC_WARN_UNUSED_VARIABLE = YES;
				IPHONEOS_DEPLOYMENT_TARGET = 15.0;
				MACOSX_DEPLOYMENT_TARGET = 12.0;
				MTL_ENABLE_DEBUG_INFO = INCLUDE_SOURCE;
				MTL_FAST_MATH = YES;
				ONLY_ACTIVE_ARCH = YES;
				SDKROOT = iphoneos;
				SWIFT_ACTIVE_COMPILATION_CONDITIONS = DEBUG;
				SWIFT_OPTIMIZATION_LEVEL = "-Onone";
			};
			name = Debug;
		};
		C3D671FE28E2E61F006C022D /* Release */ = {
			isa = XCBuildConfiguration;
			buildSettings = {
				ALWAYS_SEARCH_USER_PATHS = NO;
				ASSETCATALOG_COMPILER_GENERATE_SWIFT_ASSET_SYMBOL_EXTENSIONS = YES;
				CLANG_ANALYZER_NONNULL = YES;
				CLANG_ANALYZER_NUMBER_OBJECT_CONVERSION = YES_AGGRESSIVE;
				CLANG_CXX_LANGUAGE_STANDARD = "gnu++20";
				CLANG_ENABLE_MODULES = YES;
				CLANG_ENABLE_OBJC_ARC = YES;
				CLANG_ENABLE_OBJC_WEAK = YES;
				CLANG_WARN_BLOCK_CAPTURE_AUTORELEASING = YES;
				CLANG_WARN_BOOL_CONVERSION = YES;
				CLANG_WARN_COMMA = YES;
				CLANG_WARN_CONSTANT_CONVERSION = YES;
				CLANG_WARN_DEPRECATED_OBJC_IMPLEMENTATIONS = YES;
				CLANG_WARN_DIRECT_OBJC_ISA_USAGE = YES_ERROR;
				CLANG_WARN_DOCUMENTATION_COMMENTS = YES;
				CLANG_WARN_EMPTY_BODY = YES;
				CLANG_WARN_ENUM_CONVERSION = YES;
				CLANG_WARN_INFINITE_RECURSION = YES;
				CLANG_WARN_INT_CONVERSION = YES;
				CLANG_WARN_NON_LITERAL_NULL_CONVERSION = YES;
				CLANG_WARN_OBJC_IMPLICIT_RETAIN_SELF = YES;
				CLANG_WARN_OBJC_LITERAL_CONVERSION = YES;
				CLANG_WARN_OBJC_ROOT_CLASS = YES_ERROR;
				CLANG_WARN_QUOTED_INCLUDE_IN_FRAMEWORK_HEADER = YES;
				CLANG_WARN_RANGE_LOOP_ANALYSIS = YES;
				CLANG_WARN_STRICT_PROTOTYPES = YES;
				CLANG_WARN_SUSPICIOUS_MOVE = YES;
				CLANG_WARN_UNGUARDED_AVAILABILITY = YES_AGGRESSIVE;
				CLANG_WARN_UNREACHABLE_CODE = YES;
				CLANG_WARN__DUPLICATE_METHOD_MATCH = YES;
				COPY_PHASE_STRIP = NO;
				DEBUG_INFORMATION_FORMAT = "dwarf-with-dsym";
				ENABLE_NS_ASSERTIONS = NO;
				ENABLE_STRICT_OBJC_MSGSEND = YES;
				GCC_C_LANGUAGE_STANDARD = gnu11;
				GCC_NO_COMMON_BLOCKS = YES;
				GCC_WARN_64_TO_32_BIT_CONVERSION = YES;
				GCC_WARN_ABOUT_RETURN_TYPE = YES_ERROR;
				GCC_WARN_UNDECLARED_SELECTOR = YES;
				GCC_WARN_UNINITIALIZED_AUTOS = YES_AGGRESSIVE;
				GCC_WARN_UNUSED_FUNCTION = YES;
				GCC_WARN_UNUSED_VARIABLE = YES;
				IPHONEOS_DEPLOYMENT_TARGET = 15.0;
				MACOSX_DEPLOYMENT_TARGET = 12.0;
				MTL_ENABLE_DEBUG_INFO = NO;
				MTL_FAST_MATH = YES;
				SDKROOT = iphoneos;
				SWIFT_COMPILATION_MODE = wholemodule;
				SWIFT_OPTIMIZATION_LEVEL = "-O";
				VALIDATE_PRODUCT = YES;
			};
			name = Release;
		};
		C3D6720028E2E61F006C022D /* Debug */ = {
			isa = XCBuildConfiguration;
			buildSettings = {
				ASSETCATALOG_COMPILER_APPICON_NAME = AppIcon;
				ASSETCATALOG_COMPILER_GLOBAL_ACCENT_COLOR_NAME = AccentColor;
				CLANG_ENABLE_MODULES = YES;
				CODE_SIGN_STYLE = Automatic;
				CURRENT_PROJECT_VERSION = 1;
				DEVELOPMENT_TEAM = X9XK2SF8F6;
				GENERATE_INFOPLIST_FILE = YES;
				INFOPLIST_FILE = "DSWaveformImageExample-iOS/Info.plist";
				INFOPLIST_KEY_NSMicrophoneUsageDescription = "Live Audio Recording.";
				INFOPLIST_KEY_UIApplicationSupportsIndirectInputEvents = YES;
				INFOPLIST_KEY_UILaunchStoryboardName = LaunchScreen;
				INFOPLIST_KEY_UIMainStoryboardFile = Main;
				INFOPLIST_KEY_UISupportedInterfaceOrientations_iPad = "UIInterfaceOrientationPortrait UIInterfaceOrientationPortraitUpsideDown UIInterfaceOrientationLandscapeLeft UIInterfaceOrientationLandscapeRight";
				INFOPLIST_KEY_UISupportedInterfaceOrientations_iPhone = "UIInterfaceOrientationPortrait UIInterfaceOrientationLandscapeLeft UIInterfaceOrientationLandscapeRight";
				IPHONEOS_DEPLOYMENT_TARGET = 15.0;
				LD_RUNPATH_SEARCH_PATHS = (
					"$(inherited)",
					"@executable_path/Frameworks",
				);
				MARKETING_VERSION = 1.0;
				PRODUCT_BUNDLE_IDENTIFIER = "de.dmrschmidt.DSWaveformImageExample-iOS";
				PRODUCT_NAME = "$(TARGET_NAME)";
				SWIFT_EMIT_LOC_STRINGS = YES;
				SWIFT_OBJC_BRIDGING_HEADER = "DSWaveformImageExample-iOS/DSWaveformImageExample-iOS-Bridging-Header.h";
				SWIFT_OPTIMIZATION_LEVEL = "-Onone";
				SWIFT_VERSION = 5.0;
				TARGETED_DEVICE_FAMILY = "1,2";
			};
			name = Debug;
		};
		C3D6720128E2E61F006C022D /* Release */ = {
			isa = XCBuildConfiguration;
			buildSettings = {
				ASSETCATALOG_COMPILER_APPICON_NAME = AppIcon;
				ASSETCATALOG_COMPILER_GLOBAL_ACCENT_COLOR_NAME = AccentColor;
				CLANG_ENABLE_MODULES = YES;
				CODE_SIGN_STYLE = Automatic;
				CURRENT_PROJECT_VERSION = 1;
				DEVELOPMENT_TEAM = X9XK2SF8F6;
				GENERATE_INFOPLIST_FILE = YES;
				INFOPLIST_FILE = "DSWaveformImageExample-iOS/Info.plist";
				INFOPLIST_KEY_NSMicrophoneUsageDescription = "Live Audio Recording.";
				INFOPLIST_KEY_UIApplicationSupportsIndirectInputEvents = YES;
				INFOPLIST_KEY_UILaunchStoryboardName = LaunchScreen;
				INFOPLIST_KEY_UIMainStoryboardFile = Main;
				INFOPLIST_KEY_UISupportedInterfaceOrientations_iPad = "UIInterfaceOrientationPortrait UIInterfaceOrientationPortraitUpsideDown UIInterfaceOrientationLandscapeLeft UIInterfaceOrientationLandscapeRight";
				INFOPLIST_KEY_UISupportedInterfaceOrientations_iPhone = "UIInterfaceOrientationPortrait UIInterfaceOrientationLandscapeLeft UIInterfaceOrientationLandscapeRight";
				IPHONEOS_DEPLOYMENT_TARGET = 15.0;
				LD_RUNPATH_SEARCH_PATHS = (
					"$(inherited)",
					"@executable_path/Frameworks",
				);
				MARKETING_VERSION = 1.0;
				PRODUCT_BUNDLE_IDENTIFIER = "de.dmrschmidt.DSWaveformImageExample-iOS";
				PRODUCT_NAME = "$(TARGET_NAME)";
				SWIFT_EMIT_LOC_STRINGS = YES;
				SWIFT_OBJC_BRIDGING_HEADER = "DSWaveformImageExample-iOS/DSWaveformImageExample-iOS-Bridging-Header.h";
				SWIFT_VERSION = 5.0;
				TARGETED_DEVICE_FAMILY = "1,2";
			};
			name = Release;
		};
/* End XCBuildConfiguration section */

/* Begin XCConfigurationList section */
		A96F71A82AE02BB2007ED383 /* Build configuration list for PBXNativeTarget "DSWaveformImageExample-VisionOS" */ = {
			isa = XCConfigurationList;
			buildConfigurations = (
				A96F71A62AE02BB2007ED383 /* Debug */,
				A96F71A72AE02BB2007ED383 /* Release */,
			);
			defaultConfigurationIsVisible = 0;
			defaultConfigurationName = Release;
		};
		C39A111328E2EAC0004AB185 /* Build configuration list for PBXNativeTarget "DSWaveformImageExample-macOS" */ = {
			isa = XCConfigurationList;
			buildConfigurations = (
				C39A111428E2EAC0004AB185 /* Debug */,
				C39A111528E2EAC0004AB185 /* Release */,
			);
			defaultConfigurationIsVisible = 0;
			defaultConfigurationName = Release;
		};
		C3D671E628E2E61F006C022D /* Build configuration list for PBXProject "DSWaveformImageExample" */ = {
			isa = XCConfigurationList;
			buildConfigurations = (
				C3D671FD28E2E61F006C022D /* Debug */,
				C3D671FE28E2E61F006C022D /* Release */,
			);
			defaultConfigurationIsVisible = 0;
			defaultConfigurationName = Release;
		};
		C3D671FF28E2E61F006C022D /* Build configuration list for PBXNativeTarget "DSWaveformImageExample-iOS" */ = {
			isa = XCConfigurationList;
			buildConfigurations = (
				C3D6720028E2E61F006C022D /* Debug */,
				C3D6720128E2E61F006C022D /* Release */,
			);
			defaultConfigurationIsVisible = 0;
			defaultConfigurationName = Release;
		};
/* End XCConfigurationList section */

/* Begin XCSwiftPackageProductDependency section */
		A96F71A92AE02C37007ED383 /* DSWaveformImage */ = {
			isa = XCSwiftPackageProductDependency;
			productName = DSWaveformImage;
		};
		A96F71AB2AE02C37007ED383 /* DSWaveformImageViews */ = {
			isa = XCSwiftPackageProductDependency;
			productName = DSWaveformImageViews;
		};
		C39A10EC28E2E73F004AB185 /* DSWaveformImage */ = {
			isa = XCSwiftPackageProductDependency;
			productName = DSWaveformImage;
		};
		C39A10EE28E2E73F004AB185 /* DSWaveformImageViews */ = {
			isa = XCSwiftPackageProductDependency;
			productName = DSWaveformImageViews;
		};
		C39A111828E2EBAD004AB185 /* DSWaveformImage */ = {
			isa = XCSwiftPackageProductDependency;
			productName = DSWaveformImage;
		};
		C39A111A28E2EBAD004AB185 /* DSWaveformImageViews */ = {
			isa = XCSwiftPackageProductDependency;
			productName = DSWaveformImageViews;
		};
/* End XCSwiftPackageProductDependency section */
	};
	rootObject = C3D671E328E2E61F006C022D /* Project object */;
}
